
Microsoft Visual Studio Solution File, Format Version 12.00
# Visual Studio 2013
VisualStudioVersion = 12.0.31101.0
MinimumVisualStudioVersion = 10.0.40219.1
Project("{FAE04EC0-301F-11D3-BF4B-00C04F79EFBC}") = "DataBlock.DataModels", "DataModels\DataBlock.DataModels.csproj", "{0743E567-A4EE-424E-B296-F0F1ACCEA76E}"
EndProject
Project("{FAE04EC0-301F-11D3-BF4B-00C04F79EFBC}") = "Tests", "Tests\Tests.csproj", "{7690CAE8-7851-4A0C-99FC-FBD90C57A3CC}"
EndProject
Project("{FAE04EC0-301F-11D3-BF4B-00C04F79EFBC}") = "Newt", "ui\Newt\Newt.csproj", "{BEE607EB-98EE-4265-8354-496E3F909E8C}"
EndProject
Global
	GlobalSection(SolutionConfigurationPlatforms) = preSolution
		Debug|Any CPU = Debug|Any CPU
		Release|Any CPU = Release|Any CPU
	EndGlobalSection
	GlobalSection(ProjectConfigurationPlatforms) = postSolution
		{0743E567-A4EE-424E-B296-F0F1ACCEA76E}.Debug|Any CPU.ActiveCfg = Debug|Any CPU
		{0743E567-A4EE-424E-B296-F0F1ACCEA76E}.Debug|Any CPU.Build.0 = Debug|Any CPU
		{0743E567-A4EE-424E-B296-F0F1ACCEA76E}.Release|Any CPU.ActiveCfg = Release|Any CPU
		{0743E567-A4EE-424E-B296-F0F1ACCEA76E}.Release|Any CPU.Build.0 = Release|Any CPU
		{7690CAE8-7851-4A0C-99FC-FBD90C57A3CC}.Debug|Any CPU.ActiveCfg = Debug|Any CPU
		{7690CAE8-7851-4A0C-99FC-FBD90C57A3CC}.Debug|Any CPU.Build.0 = Debug|Any CPU
		{7690CAE8-7851-4A0C-99FC-FBD90C57A3CC}.Release|Any CPU.ActiveCfg = Release|Any CPU
		{7690CAE8-7851-4A0C-99FC-FBD90C57A3CC}.Release|Any CPU.Build.0 = Release|Any CPU
		{BEE607EB-98EE-4265-8354-496E3F909E8C}.Debug|Any CPU.ActiveCfg = Debug|Any CPU
		{BEE607EB-98EE-4265-8354-496E3F909E8C}.Debug|Any CPU.Build.0 = Debug|Any CPU
		{BEE607EB-98EE-4265-8354-496E3F909E8C}.Release|Any CPU.ActiveCfg = Release|Any CPU
		{BEE607EB-98EE-4265-8354-496E3F909E8C}.Release|Any CPU.Build.0 = Release|Any CPU
	EndGlobalSection
	GlobalSection(SolutionProperties) = preSolution
		HideSolutionNode = FALSE
	EndGlobalSection
EndGlobal
